// !$*UTF8*$!
{
	archiveVersion = 1;
	classes = {
	};
	objectVersion = 56;
	objects = {

/* Begin PBXBuildFile section */
		D69604302AC70AA90004E1AC /* Git_In_My_HubApp.swift in Sources */ = {isa = PBXBuildFile; fileRef = D696042F2AC70AA90004E1AC /* Git_In_My_HubApp.swift */; };
		D69604322AC70AA90004E1AC /* ContentView.swift in Sources */ = {isa = PBXBuildFile; fileRef = D69604312AC70AA90004E1AC /* ContentView.swift */; };
		D69604342AC70AAA0004E1AC /* Assets.xcassets in Resources */ = {isa = PBXBuildFile; fileRef = D69604332AC70AAA0004E1AC /* Assets.xcassets */; };
		D69604372AC70AAA0004E1AC /* Preview Assets.xcassets in Resources */ = {isa = PBXBuildFile; fileRef = D69604362AC70AAA0004E1AC /* Preview Assets.xcassets */; };
		D696043E2AC70D630004E1AC /* User.swift in Sources */ = {isa = PBXBuildFile; fileRef = D696043D2AC70D630004E1AC /* User.swift */; };
		D69604422AC70DAF0004E1AC /* GetUser.swift in Sources */ = {isa = PBXBuildFile; fileRef = D69604412AC70DAF0004E1AC /* GetUser.swift */; };
		D69604442AC70E0E0004E1AC /* UserCell.swift in Sources */ = {isa = PBXBuildFile; fileRef = D69604432AC70E0E0004E1AC /* UserCell.swift */; };
		D69604462AC70E3D0004E1AC /* UserView.swift in Sources */ = {isa = PBXBuildFile; fileRef = D69604452AC70E3D0004E1AC /* UserView.swift */; };
		D69604482AC70EC00004E1AC /* Repo.swift in Sources */ = {isa = PBXBuildFile; fileRef = D69604472AC70EC00004E1AC /* Repo.swift */; };
		D696044A2AC70EDD0004E1AC /* GetRepos.swift in Sources */ = {isa = PBXBuildFile; fileRef = D69604492AC70EDD0004E1AC /* GetRepos.swift */; };
		D696044C2AC70F000004E1AC /* RepoCell.swift in Sources */ = {isa = PBXBuildFile; fileRef = D696044B2AC70F000004E1AC /* RepoCell.swift */; };
		D696044E2AC70F540004E1AC /* RepoView.swift in Sources */ = {isa = PBXBuildFile; fileRef = D696044D2AC70F540004E1AC /* RepoView.swift */; };
		D69604502AC70F8D0004E1AC /* ShareView.swift in Sources */ = {isa = PBXBuildFile; fileRef = D696044F2AC70F8D0004E1AC /* ShareView.swift */; };
/* End PBXBuildFile section */

/* Begin PBXFileReference section */
		D696042C2AC70AA90004E1AC /* Git-In-My-Hub.app */ = {isa = PBXFileReference; explicitFileType = wrapper.application; includeInIndex = 0; path = "Git-In-My-Hub.app"; sourceTree = BUILT_PRODUCTS_DIR; };
		D696042F2AC70AA90004E1AC /* Git_In_My_HubApp.swift */ = {isa = PBXFileReference; lastKnownFileType = sourcecode.swift; path = Git_In_My_HubApp.swift; sourceTree = "<group>"; };
		D69604312AC70AA90004E1AC /* ContentView.swift */ = {isa = PBXFileReference; lastKnownFileType = sourcecode.swift; path = ContentView.swift; sourceTree = "<group>"; };
		D69604332AC70AAA0004E1AC /* Assets.xcassets */ = {isa = PBXFileReference; lastKnownFileType = folder.assetcatalog; path = Assets.xcassets; sourceTree = "<group>"; };
		D69604362AC70AAA0004E1AC /* Preview Assets.xcassets */ = {isa = PBXFileReference; lastKnownFileType = folder.assetcatalog; path = "Preview Assets.xcassets"; sourceTree = "<group>"; };
		D696043D2AC70D630004E1AC /* User.swift */ = {isa = PBXFileReference; lastKnownFileType = sourcecode.swift; path = User.swift; sourceTree = "<group>"; };
		D69604412AC70DAF0004E1AC /* GetUser.swift */ = {isa = PBXFileReference; lastKnownFileType = sourcecode.swift; path = GetUser.swift; sourceTree = "<group>"; };
		D69604432AC70E0E0004E1AC /* UserCell.swift */ = {isa = PBXFileReference; lastKnownFileType = sourcecode.swift; path = UserCell.swift; sourceTree = "<group>"; };
		D69604452AC70E3D0004E1AC /* UserView.swift */ = {isa = PBXFileReference; lastKnownFileType = sourcecode.swift; path = UserView.swift; sourceTree = "<group>"; };
		D69604472AC70EC00004E1AC /* Repo.swift */ = {isa = PBXFileReference; lastKnownFileType = sourcecode.swift; path = Repo.swift; sourceTree = "<group>"; };
		D69604492AC70EDD0004E1AC /* GetRepos.swift */ = {isa = PBXFileReference; lastKnownFileType = sourcecode.swift; path = GetRepos.swift; sourceTree = "<group>"; };
		D696044B2AC70F000004E1AC /* RepoCell.swift */ = {isa = PBXFileReference; lastKnownFileType = sourcecode.swift; path = RepoCell.swift; sourceTree = "<group>"; };
		D696044D2AC70F540004E1AC /* RepoView.swift */ = {isa = PBXFileReference; lastKnownFileType = sourcecode.swift; path = RepoView.swift; sourceTree = "<group>"; };
		D696044F2AC70F8D0004E1AC /* ShareView.swift */ = {isa = PBXFileReference; lastKnownFileType = sourcecode.swift; path = ShareView.swift; sourceTree = "<group>"; };
/* End PBXFileReference section */

/* Begin PBXFrameworksBuildPhase section */
		D69604292AC70AA90004E1AC /* Frameworks */ = {
			isa = PBXFrameworksBuildPhase;
			buildActionMask = 2147483647;
			files = (
			);
			runOnlyForDeploymentPostprocessing = 0;
		};
/* End PBXFrameworksBuildPhase section */

/* Begin PBXGroup section */
		D69604232AC70AA90004E1AC = {
			isa = PBXGroup;
			children = (
				D696042E2AC70AA90004E1AC /* Git-In-My-Hub */,
				D696042D2AC70AA90004E1AC /* Products */,
			);
			sourceTree = "<group>";
		};
		D696042D2AC70AA90004E1AC /* Products */ = {
			isa = PBXGroup;
			children = (
				D696042C2AC70AA90004E1AC /* Git-In-My-Hub.app */,
			);
			name = Products;
			sourceTree = "<group>";
		};
		D696042E2AC70AA90004E1AC /* Git-In-My-Hub */ = {
			isa = PBXGroup;
			children = (
				D696042F2AC70AA90004E1AC /* Git_In_My_HubApp.swift */,
				D69604312AC70AA90004E1AC /* ContentView.swift */,
				D696044F2AC70F8D0004E1AC /* ShareView.swift */,
				D696044B2AC70F000004E1AC /* RepoCell.swift */,
				D69604492AC70EDD0004E1AC /* GetRepos.swift */,
				D69604472AC70EC00004E1AC /* Repo.swift */,
				D696044D2AC70F540004E1AC /* RepoView.swift */,
				D69604452AC70E3D0004E1AC /* UserView.swift */,
				D69604412AC70DAF0004E1AC /* GetUser.swift */,
				D69604432AC70E0E0004E1AC /* UserCell.swift */,
				D696043D2AC70D630004E1AC /* User.swift */,
				D69604332AC70AAA0004E1AC /* Assets.xcassets */,
				D69604352AC70AAA0004E1AC /* Preview Content */,
			);
			path = "Git-In-My-Hub";
			sourceTree = "<group>";
		};
		D69604352AC70AAA0004E1AC /* Preview Content */ = {
			isa = PBXGroup;
			children = (
				D69604362AC70AAA0004E1AC /* Preview Assets.xcassets */,
			);
			path = "Preview Content";
			sourceTree = "<group>";
		};
/* End PBXGroup section */

/* Begin PBXNativeTarget section */
		D696042B2AC70AA90004E1AC /* Git-In-My-Hub */ = {
			isa = PBXNativeTarget;
			buildConfigurationList = D696043A2AC70AAA0004E1AC /* Build configuration list for PBXNativeTarget "Git-In-My-Hub" */;
			buildPhases = (
				D69604282AC70AA90004E1AC /* Sources */,
				D69604292AC70AA90004E1AC /* Frameworks */,
				D696042A2AC70AA90004E1AC /* Resources */,
			);
			buildRules = (
			);
			dependencies = (
			);
			name = "Git-In-My-Hub";
			productName = "Git-In-My-Hub";
			productReference = D696042C2AC70AA90004E1AC /* Git-In-My-Hub.app */;
			productType = "com.apple.product-type.application";
		};
/* End PBXNativeTarget section */

/* Begin PBXProject section */
		D69604242AC70AA90004E1AC /* Project object */ = {
			isa = PBXProject;
			attributes = {
				BuildIndependentTargetsInParallel = 1;
				LastSwiftUpdateCheck = 1430;
				LastUpgradeCheck = 1430;
				TargetAttributes = {
					D696042B2AC70AA90004E1AC = {
						CreatedOnToolsVersion = 14.3.1;
					};
				};
			};
			buildConfigurationList = D69604272AC70AA90004E1AC /* Build configuration list for PBXProject "Git-In-My-Hub" */;
			compatibilityVersion = "Xcode 14.0";
			developmentRegion = en;
			hasScannedForEncodings = 0;
			knownRegions = (
				en,
				Base,
			);
			mainGroup = D69604232AC70AA90004E1AC;
			productRefGroup = D696042D2AC70AA90004E1AC /* Products */;
			projectDirPath = "";
			projectRoot = "";
			targets = (
				D696042B2AC70AA90004E1AC /* Git-In-My-Hub */,
			);
		};
/* End PBXProject section */

/* Begin PBXResourcesBuildPhase section */
		D696042A2AC70AA90004E1AC /* Resources */ = {
			isa = PBXResourcesBuildPhase;
			buildActionMask = 2147483647;
			files = (
				D69604372AC70AAA0004E1AC /* Preview Assets.xcassets in Resources */,
				D69604342AC70AAA0004E1AC /* Assets.xcassets in Resources */,
			);
			runOnlyForDeploymentPostprocessing = 0;
		};
/* End PBXResourcesBuildPhase section */

/* Begin PBXSourcesBuildPhase section */
		D69604282AC70AA90004E1AC /* Sources */ = {
			isa = PBXSourcesBuildPhase;
			buildActionMask = 2147483647;
			files = (
				D69604482AC70EC00004E1AC /* Repo.swift in Sources */,
				D69604322AC70AA90004E1AC /* ContentView.swift in Sources */,
				D69604502AC70F8D0004E1AC /* ShareView.swift in Sources */,
				D696044A2AC70EDD0004E1AC /* GetRepos.swift in Sources */,
				D69604462AC70E3D0004E1AC /* UserView.swift in Sources */,
				D696044E2AC70F540004E1AC /* RepoView.swift in Sources */,
				D69604302AC70AA90004E1AC /* Git_In_My_HubApp.swift in Sources */,
				D696044C2AC70F000004E1AC /* RepoCell.swift in Sources */,
				D696043E2AC70D630004E1AC /* User.swift in Sources */,
				D69604442AC70E0E0004E1AC /* UserCell.swift in Sources */,
				D69604422AC70DAF0004E1AC /* GetUser.swift in Sources */,
			);
			runOnlyForDeploymentPostprocessing = 0;
		};
/* End PBXSourcesBuildPhase section */

/* Begin XCBuildConfiguration section */
		D69604382AC70AAA0004E1AC /* Debug */ = {
			isa = XCBuildConfiguration;
			buildSettings = {
				ALWAYS_SEARCH_USER_PATHS = NO;
				CLANG_ANALYZER_NONNULL = YES;
				CLANG_ANALYZER_NUMBER_OBJECT_CONVERSION = YES_AGGRESSIVE;
				CLANG_CXX_LANGUAGE_STANDARD = "gnu++20";
				CLANG_ENABLE_MODULES = YES;
				CLANG_ENABLE_OBJC_ARC = YES;
				CLANG_ENABLE_OBJC_WEAK = YES;
				CLANG_WARN_BLOCK_CAPTURE_AUTORELEASING = YES;
				CLANG_WARN_BOOL_CONVERSION = YES;
				CLANG_WARN_COMMA = YES;
				CLANG_WARN_CONSTANT_CONVERSION = YES;
				CLANG_WARN_DEPRECATED_OBJC_IMPLEMENTATIONS = YES;
				CLANG_WARN_DIRECT_OBJC_ISA_USAGE = YES_ERROR;
				CLANG_WARN_DOCUMENTATION_COMMENTS = YES;
				CLANG_WARN_EMPTY_BODY = YES;
				CLANG_WARN_ENUM_CONVERSION = YES;
				CLANG_WARN_INFINITE_RECURSION = YES;
				CLANG_WARN_INT_CONVERSION = YES;
				CLANG_WARN_NON_LITERAL_NULL_CONVERSION = YES;
				CLANG_WARN_OBJC_IMPLICIT_RETAIN_SELF = YES;
				CLANG_WARN_OBJC_LITERAL_CONVERSION = YES;
				CLANG_WARN_OBJC_ROOT_CLASS = YES_ERROR;
				CLANG_WARN_QUOTED_INCLUDE_IN_FRAMEWORK_HEADER = YES;
				CLANG_WARN_RANGE_LOOP_ANALYSIS = YES;
				CLANG_WARN_STRICT_PROTOTYPES = YES;
				CLANG_WARN_SUSPICIOUS_MOVE = YES;
				CLANG_WARN_UNGUARDED_AVAILABILITY = YES_AGGRESSIVE;
				CLANG_WARN_UNREACHABLE_CODE = YES;
				CLANG_WARN__DUPLICATE_METHOD_MATCH = YES;
				COPY_PHASE_STRIP = NO;
				DEBUG_INFORMATION_FORMAT = dwarf;
				ENABLE_STRICT_OBJC_MSGSEND = YES;
				ENABLE_TESTABILITY = YES;
				GCC_C_LANGUAGE_STANDARD = gnu11;
				GCC_DYNAMIC_NO_PIC = NO;
				GCC_NO_COMMON_BLOCKS = YES;
				GCC_OPTIMIZATION_LEVEL = 0;
				GCC_PREPROCESSOR_DEFINITIONS = (
					"DEBUG=1",
					"$(inherited)",
				);
				GCC_WARN_64_TO_32_BIT_CONVERSION = YES;
				GCC_WARN_ABOUT_RETURN_TYPE = YES_ERROR;
				GCC_WARN_UNDECLARED_SELECTOR = YES;
				GCC_WARN_UNINITIALIZED_AUTOS = YES_AGGRESSIVE;
				GCC_WARN_UNUSED_FUNCTION = YES;
				GCC_WARN_UNUSED_VARIABLE = YES;
				IPHONEOS_DEPLOYMENT_TARGET = 16.4;
				MTL_ENABLE_DEBUG_INFO = INCLUDE_SOURCE;
				MTL_FAST_MATH = YES;
				ONLY_ACTIVE_ARCH = YES;
				SDKROOT = iphoneos;
				SWIFT_ACTIVE_COMPILATION_CONDITIONS = DEBUG;
				SWIFT_OPTIMIZATION_LEVEL = "-Onone";
			};
			name = Debug;
		};
		D69604392AC70AAA0004E1AC /* Release */ = {
			isa = XCBuildConfiguration;
			buildSettings = {
				ALWAYS_SEARCH_USER_PATHS = NO;
				CLANG_ANALYZER_NONNULL = YES;
				CLANG_ANALYZER_NUMBER_OBJECT_CONVERSION = YES_AGGRESSIVE;
				CLANG_CXX_LANGUAGE_STANDARD = "gnu++20";
				CLANG_ENABLE_MODULES = YES;
				CLANG_ENABLE_OBJC_ARC = YES;
				CLANG_ENABLE_OBJC_WEAK = YES;
				CLANG_WARN_BLOCK_CAPTURE_AUTORELEASING = YES;
				CLANG_WARN_BOOL_CONVERSION = YES;
				CLANG_WARN_COMMA = YES;
				CLANG_WARN_CONSTANT_CONVERSION = YES;
				CLANG_WARN_DEPRECATED_OBJC_IMPLEMENTATIONS = YES;
				CLANG_WARN_DIRECT_OBJC_ISA_USAGE = YES_ERROR;
				CLANG_WARN_DOCUMENTATION_COMMENTS = YES;
				CLANG_WARN_EMPTY_BODY = YES;
				CLANG_WARN_ENUM_CONVERSION = YES;
				CLANG_WARN_INFINITE_RECURSION = YES;
				CLANG_WARN_INT_CONVERSION = YES;
				CLANG_WARN_NON_LITERAL_NULL_CONVERSION = YES;
				CLANG_WARN_OBJC_IMPLICIT_RETAIN_SELF = YES;
				CLANG_WARN_OBJC_LITERAL_CONVERSION = YES;
				CLANG_WARN_OBJC_ROOT_CLASS = YES_ERROR;
				CLANG_WARN_QUOTED_INCLUDE_IN_FRAMEWORK_HEADER = YES;
				CLANG_WARN_RANGE_LOOP_ANALYSIS = YES;
				CLANG_WARN_STRICT_PROTOTYPES = YES;
				CLANG_WARN_SUSPICIOUS_MOVE = YES;
				CLANG_WARN_UNGUARDED_AVAILABILITY = YES_AGGRESSIVE;
				CLANG_WARN_UNREACHABLE_CODE = YES;
				CLANG_WARN__DUPLICATE_METHOD_MATCH = YES;
				COPY_PHASE_STRIP = NO;
				DEBUG_INFORMATION_FORMAT = "dwarf-with-dsym";
				ENABLE_NS_ASSERTIONS = NO;
				ENABLE_STRICT_OBJC_MSGSEND = YES;
				GCC_C_LANGUAGE_STANDARD = gnu11;
				GCC_NO_COMMON_BLOCKS = YES;
				GCC_WARN_64_TO_32_BIT_CONVERSION = YES;
				GCC_WARN_ABOUT_RETURN_TYPE = YES_ERROR;
				GCC_WARN_UNDECLARED_SELECTOR = YES;
				GCC_WARN_UNINITIALIZED_AUTOS = YES_AGGRESSIVE;
				GCC_WARN_UNUSED_FUNCTION = YES;
				GCC_WARN_UNUSED_VARIABLE = YES;
				IPHONEOS_DEPLOYMENT_TARGET = 16.4;
				MTL_ENABLE_DEBUG_INFO = NO;
				MTL_FAST_MATH = YES;
				SDKROOT = iphoneos;
				SWIFT_COMPILATION_MODE = wholemodule;
				SWIFT_OPTIMIZATION_LEVEL = "-O";
				VALIDATE_PRODUCT = YES;
			};
			name = Release;
		};
		D696043B2AC70AAA0004E1AC /* Debug */ = {
			isa = XCBuildConfiguration;
			buildSettings = {
				ASSETCATALOG_COMPILER_APPICON_NAME = AppIcon;
				ASSETCATALOG_COMPILER_GLOBAL_ACCENT_COLOR_NAME = AccentColor;
				CODE_SIGN_STYLE = Automatic;
				CURRENT_PROJECT_VERSION = 1;
				DEVELOPMENT_ASSET_PATHS = "\"Git-In-My-Hub/Preview Content\"";
				DEVELOPMENT_TEAM = 38TKU655L8;
				ENABLE_PREVIEWS = YES;
				GENERATE_INFOPLIST_FILE = YES;
				INFOPLIST_KEY_CFBundleDisplayName = "Git In My Hub";
				INFOPLIST_KEY_UIApplicationSceneManifest_Generation = YES;
				INFOPLIST_KEY_UIApplicationSupportsIndirectInputEvents = YES;
				INFOPLIST_KEY_UILaunchScreen_Generation = YES;
				INFOPLIST_KEY_UISupportedInterfaceOrientations_iPad = "UIInterfaceOrientationPortrait UIInterfaceOrientationPortraitUpsideDown UIInterfaceOrientationLandscapeLeft UIInterfaceOrientationLandscapeRight";
				INFOPLIST_KEY_UISupportedInterfaceOrientations_iPhone = "UIInterfaceOrientationPortrait UIInterfaceOrientationLandscapeLeft UIInterfaceOrientationLandscapeRight";
				LD_RUNPATH_SEARCH_PATHS = (
					"$(inherited)",
					"@executable_path/Frameworks",
				);
				MARKETING_VERSION = 1.0;
				PRODUCT_BUNDLE_IDENTIFIER = "com.keon.Git-In-My-Hub.Git-In-My-Hub";
				PRODUCT_NAME = "$(TARGET_NAME)";
				SWIFT_EMIT_LOC_STRINGS = YES;
				SWIFT_VERSION = 5.0;
				TARGETED_DEVICE_FAMILY = "1,2";
			};
			name = Debug;
		};
		D696043C2AC70AAA0004E1AC /* Release */ = {
			isa = XCBuildConfiguration;
			buildSettings = {
				ASSETCATALOG_COMPILER_APPICON_NAME = AppIcon;
				ASSETCATALOG_COMPILER_GLOBAL_ACCENT_COLOR_NAME = AccentColor;
				CODE_SIGN_STYLE = Automatic;
				CURRENT_PROJECT_VERSION = 1;
				DEVELOPMENT_ASSET_PATHS = "\"Git-In-My-Hub/Preview Content\"";
				DEVELOPMENT_TEAM = 38TKU655L8;
				ENABLE_PREVIEWS = YES;
				GENERATE_INFOPLIST_FILE = YES;
				INFOPLIST_KEY_CFBundleDisplayName = "Git In My Hub";
				INFOPLIST_KEY_UIApplicationSceneManifest_Generation = YES;
				INFOPLIST_KEY_UIApplicationSupportsIndirectInputEvents = YES;
				INFOPLIST_KEY_UILaunchScreen_Generation = YES;
				INFOPLIST_KEY_UISupportedInterfaceOrientations_iPad = "UIInterfaceOrientationPortrait UIInterfaceOrientationPortraitUpsideDown UIInterfaceOrientationLandscapeLeft UIInterfaceOrientationLandscapeRight";
				INFOPLIST_KEY_UISupportedInterfaceOrientations_iPhone = "UIInterfaceOrientationPortrait UIInterfaceOrientationLandscapeLeft UIInterfaceOrientationLandscapeRight";
				LD_RUNPATH_SEARCH_PATHS = (
					"$(inherited)",
					"@executable_path/Frameworks",
				);
				MARKETING_VERSION = 1.0;
				PRODUCT_BUNDLE_IDENTIFIER = "com.keon.Git-In-My-Hub.Git-In-My-Hub";
				PRODUCT_NAME = "$(TARGET_NAME)";
				SWIFT_EMIT_LOC_STRINGS = YES;
				SWIFT_VERSION = 5.0;
				TARGETED_DEVICE_FAMILY = "1,2";
			};
			name = Release;
		};
/* End XCBuildConfiguration section */

/* Begin XCConfigurationList section */
		D69604272AC70AA90004E1AC /* Build configuration list for PBXProject "Git-In-My-Hub" */ = {
			isa = XCConfigurationList;
			buildConfigurations = (
				D69604382AC70AAA0004E1AC /* Debug */,
				D69604392AC70AAA0004E1AC /* Release */,
			);
			defaultConfigurationIsVisible = 0;
			defaultConfigurationName = Release;
		};
		D696043A2AC70AAA0004E1AC /* Build configuration list for PBXNativeTarget "Git-In-My-Hub" */ = {
			isa = XCConfigurationList;
			buildConfigurations = (
				D696043B2AC70AAA0004E1AC /* Debug */,
				D696043C2AC70AAA0004E1AC /* Release */,
			);
			defaultConfigurationIsVisible = 0;
			defaultConfigurationName = Release;
		};
/* End XCConfigurationList section */
	};
	rootObject = D69604242AC70AA90004E1AC /* Project object */;
}
